
Microsoft Visual Studio Solution File, Format Version 12.00
# Visual Studio Version 17
VisualStudioVersion = 17.10.35013.160
MinimumVisualStudioVersion = 10.0.40219.1
Project("{FAE04EC0-301F-11D3-BF4B-00C04F79EFBC}") = "Fawry Quantum InternShip", "Fawry Quantum InternShip.csproj", "{C2402AFC-2B07-4B2C-A270-0404257F3AC1}"
EndProject
Global
	GlobalSection(SolutionConfigurationPlatforms) = preSolution
		Debug|Any CPU = Debug|Any CPU
		Release|Any CPU = Release|Any CPU
	EndGlobalSection
	GlobalSection(ProjectConfigurationPlatforms) = postSolution
		{C2402AFC-2B07-4B2C-A270-0404257F3AC1}.Debug|Any CPU.ActiveCfg = Debug|Any CPU
		{C2402AFC-2B07-4B2C-A270-0404257F3AC1}.Debug|Any CPU.Build.0 = Debug|Any CPU
		{C2402AFC-2B07-4B2C-A270-0404257F3AC1}.Release|Any CPU.ActiveCfg = Release|Any CPU
		{C2402AFC-2B07-4B2C-A270-0404257F3AC1}.Release|Any CPU.Build.0 = Release|Any CPU
	EndGlobalSection
	GlobalSection(SolutionProperties) = preSolution
		HideSolutionNode = FALSE
	EndGlobalSection
	GlobalSection(ExtensibilityGlobals) = postSolution
		SolutionGuid = {990276BF-62D4-4C3F-BABB-1A4F46AC50C6}
	EndGlobalSection
EndGlobal
